// !$*UTF8*$!
{
	archiveVersion = 1;
	classes = {
	};
	objectVersion = 55;
	objects = {

/* Begin PBXBuildFile section */
		0865856E2844D9470070E973 /* AppDelegate.swift in Sources */ = {isa = PBXBuildFile; fileRef = 0865856D2844D9470070E973 /* AppDelegate.swift */; };
		086585772844D9490070E973 /* Assets.xcassets in Resources */ = {isa = PBXBuildFile; fileRef = 086585762844D9490070E973 /* Assets.xcassets */; };
		0865857A2844D9490070E973 /* LaunchScreen.storyboard in Resources */ = {isa = PBXBuildFile; fileRef = 086585782844D9490070E973 /* LaunchScreen.storyboard */; };
		086585852844D9DA0070E973 /* LoginVC.xib in Resources */ = {isa = PBXBuildFile; fileRef = 086585812844D9DA0070E973 /* LoginVC.xib */; };
		086585862844D9DA0070E973 /* RegisterVC.swift in Sources */ = {isa = PBXBuildFile; fileRef = 086585822844D9DA0070E973 /* RegisterVC.swift */; };
		086585872844D9DA0070E973 /* RegisterVC.xib in Resources */ = {isa = PBXBuildFile; fileRef = 086585832844D9DA0070E973 /* RegisterVC.xib */; };
		086585882844D9DA0070E973 /* LoginVC.swift in Sources */ = {isa = PBXBuildFile; fileRef = 086585842844D9DA0070E973 /* LoginVC.swift */; };
		0865858C2844DF2F0070E973 /* Apollo in Frameworks */ = {isa = PBXBuildFile; productRef = 0865858B2844DF2F0070E973 /* Apollo */; };
		0865858E2844DF2F0070E973 /* ApolloWebSocket in Frameworks */ = {isa = PBXBuildFile; productRef = 0865858D2844DF2F0070E973 /* ApolloWebSocket */; };
		086585922844E0310070E973 /* Network.swift in Sources */ = {isa = PBXBuildFile; fileRef = 086585912844E0310070E973 /* Network.swift */; };
		086585942844E0970070E973 /* API.swift in Sources */ = {isa = PBXBuildFile; fileRef = 086585932844E0970070E973 /* API.swift */; };
		086585972844E66A0070E973 /* HomeVC.swift in Sources */ = {isa = PBXBuildFile; fileRef = 086585952844E66A0070E973 /* HomeVC.swift */; };
		086585982844E66A0070E973 /* HomeVC.xib in Resources */ = {isa = PBXBuildFile; fileRef = 086585962844E66A0070E973 /* HomeVC.xib */; };
		0865859B2844E7E60070E973 /* TVC.swift in Sources */ = {isa = PBXBuildFile; fileRef = 086585992844E7E60070E973 /* TVC.swift */; };
		0865859C2844E7E60070E973 /* TVC.xib in Resources */ = {isa = PBXBuildFile; fileRef = 0865859A2844E7E60070E973 /* TVC.xib */; };
		0865859E2844ECE90070E973 /* Cache.swift in Sources */ = {isa = PBXBuildFile; fileRef = 0865859D2844ECE90070E973 /* Cache.swift */; };
		581116BC5ED36DB89A531A0B /* Pods_ChatGraphQl.framework in Frameworks */ = {isa = PBXBuildFile; fileRef = AEC6571D28AC17AAAD2EB84E /* Pods_ChatGraphQl.framework */; };
/* End PBXBuildFile section */

/* Begin PBXFileReference section */
		0865856A2844D9470070E973 /* ChatGraphQl.app */ = {isa = PBXFileReference; explicitFileType = wrapper.application; includeInIndex = 0; path = ChatGraphQl.app; sourceTree = BUILT_PRODUCTS_DIR; };
		0865856D2844D9470070E973 /* AppDelegate.swift */ = {isa = PBXFileReference; lastKnownFileType = sourcecode.swift; path = AppDelegate.swift; sourceTree = "<group>"; };
		086585762844D9490070E973 /* Assets.xcassets */ = {isa = PBXFileReference; lastKnownFileType = folder.assetcatalog; path = Assets.xcassets; sourceTree = "<group>"; };
		086585792844D9490070E973 /* Base */ = {isa = PBXFileReference; lastKnownFileType = file.storyboard; name = Base; path = Base.lproj/LaunchScreen.storyboard; sourceTree = "<group>"; };
		0865857B2844D9490070E973 /* Info.plist */ = {isa = PBXFileReference; lastKnownFileType = text.plist.xml; path = Info.plist; sourceTree = "<group>"; };
		086585812844D9DA0070E973 /* LoginVC.xib */ = {isa = PBXFileReference; fileEncoding = 4; lastKnownFileType = file.xib; path = LoginVC.xib; sourceTree = "<group>"; };
		086585822844D9DA0070E973 /* RegisterVC.swift */ = {isa = PBXFileReference; fileEncoding = 4; lastKnownFileType = sourcecode.swift; path = RegisterVC.swift; sourceTree = "<group>"; };
		086585832844D9DA0070E973 /* RegisterVC.xib */ = {isa = PBXFileReference; fileEncoding = 4; lastKnownFileType = file.xib; path = RegisterVC.xib; sourceTree = "<group>"; };
		086585842844D9DA0070E973 /* LoginVC.swift */ = {isa = PBXFileReference; fileEncoding = 4; lastKnownFileType = sourcecode.swift; path = LoginVC.swift; sourceTree = "<group>"; };
		086585892844DDFD0070E973 /* schema.graphqls */ = {isa = PBXFileReference; lastKnownFileType = text; path = schema.graphqls; sourceTree = "<group>"; };
		086585902844DFA30070E973 /* GraphQlSchemas.graphql */ = {isa = PBXFileReference; lastKnownFileType = text; path = GraphQlSchemas.graphql; sourceTree = "<group>"; };
		086585912844E0310070E973 /* Network.swift */ = {isa = PBXFileReference; lastKnownFileType = sourcecode.swift; path = Network.swift; sourceTree = "<group>"; };
		086585932844E0970070E973 /* API.swift */ = {isa = PBXFileReference; fileEncoding = 4; lastKnownFileType = sourcecode.swift; path = API.swift; sourceTree = "<group>"; };
		086585952844E66A0070E973 /* HomeVC.swift */ = {isa = PBXFileReference; lastKnownFileType = sourcecode.swift; path = HomeVC.swift; sourceTree = "<group>"; };
		086585962844E66A0070E973 /* HomeVC.xib */ = {isa = PBXFileReference; lastKnownFileType = file.xib; path = HomeVC.xib; sourceTree = "<group>"; };
		086585992844E7E60070E973 /* TVC.swift */ = {isa = PBXFileReference; lastKnownFileType = sourcecode.swift; path = TVC.swift; sourceTree = "<group>"; };
		0865859A2844E7E60070E973 /* TVC.xib */ = {isa = PBXFileReference; lastKnownFileType = file.xib; path = TVC.xib; sourceTree = "<group>"; };
		0865859D2844ECE90070E973 /* Cache.swift */ = {isa = PBXFileReference; lastKnownFileType = sourcecode.swift; path = Cache.swift; sourceTree = "<group>"; };
		8723F2EAB64ACED2AE5F7AEE /* Pods-ChatGraphQl.release.xcconfig */ = {isa = PBXFileReference; includeInIndex = 1; lastKnownFileType = text.xcconfig; name = "Pods-ChatGraphQl.release.xcconfig"; path = "Target Support Files/Pods-ChatGraphQl/Pods-ChatGraphQl.release.xcconfig"; sourceTree = "<group>"; };
		8E6A1E0F15D3BC8E0A83BF23 /* Pods-ChatGraphQl.debug.xcconfig */ = {isa = PBXFileReference; includeInIndex = 1; lastKnownFileType = text.xcconfig; name = "Pods-ChatGraphQl.debug.xcconfig"; path = "Target Support Files/Pods-ChatGraphQl/Pods-ChatGraphQl.debug.xcconfig"; sourceTree = "<group>"; };
		AEC6571D28AC17AAAD2EB84E /* Pods_ChatGraphQl.framework */ = {isa = PBXFileReference; explicitFileType = wrapper.framework; includeInIndex = 0; path = Pods_ChatGraphQl.framework; sourceTree = BUILT_PRODUCTS_DIR; };
/* End PBXFileReference section */

/* Begin PBXFrameworksBuildPhase section */
		086585672844D9470070E973 /* Frameworks */ = {
			isa = PBXFrameworksBuildPhase;
			buildActionMask = 2147483647;
			files = (
				581116BC5ED36DB89A531A0B /* Pods_ChatGraphQl.framework in Frameworks */,
				0865858E2844DF2F0070E973 /* ApolloWebSocket in Frameworks */,
				0865858C2844DF2F0070E973 /* Apollo in Frameworks */,
			);
			runOnlyForDeploymentPostprocessing = 0;
		};
/* End PBXFrameworksBuildPhase section */

/* Begin PBXGroup section */
		086585612844D9470070E973 = {
			isa = PBXGroup;
			children = (
				0865856C2844D9470070E973 /* ChatGraphQl */,
				0865856B2844D9470070E973 /* Products */,
				B67B080BFA114CFE0953CBB2 /* Pods */,
				0E2F3A5A42E4E9687093E0FF /* Frameworks */,
			);
			sourceTree = "<group>";
		};
		0865856B2844D9470070E973 /* Products */ = {
			isa = PBXGroup;
			children = (
				0865856A2844D9470070E973 /* ChatGraphQl.app */,
			);
			name = Products;
			sourceTree = "<group>";
		};
		0865856C2844D9470070E973 /* ChatGraphQl */ = {
			isa = PBXGroup;
			children = (
				086585892844DDFD0070E973 /* schema.graphqls */,
				086585902844DFA30070E973 /* GraphQlSchemas.graphql */,
				086585932844E0970070E973 /* API.swift */,
				0865859D2844ECE90070E973 /* Cache.swift */,
				086585842844D9DA0070E973 /* LoginVC.swift */,
				086585812844D9DA0070E973 /* LoginVC.xib */,
				086585822844D9DA0070E973 /* RegisterVC.swift */,
				086585832844D9DA0070E973 /* RegisterVC.xib */,
				0865856D2844D9470070E973 /* AppDelegate.swift */,
				086585762844D9490070E973 /* Assets.xcassets */,
				086585782844D9490070E973 /* LaunchScreen.storyboard */,
				0865857B2844D9490070E973 /* Info.plist */,
				086585912844E0310070E973 /* Network.swift */,
				086585952844E66A0070E973 /* HomeVC.swift */,
				086585962844E66A0070E973 /* HomeVC.xib */,
				086585992844E7E60070E973 /* TVC.swift */,
				0865859A2844E7E60070E973 /* TVC.xib */,
			);
			path = ChatGraphQl;
			sourceTree = "<group>";
		};
		0E2F3A5A42E4E9687093E0FF /* Frameworks */ = {
			isa = PBXGroup;
			children = (
				AEC6571D28AC17AAAD2EB84E /* Pods_ChatGraphQl.framework */,
			);
			name = Frameworks;
			sourceTree = "<group>";
		};
		B67B080BFA114CFE0953CBB2 /* Pods */ = {
			isa = PBXGroup;
			children = (
				8E6A1E0F15D3BC8E0A83BF23 /* Pods-ChatGraphQl.debug.xcconfig */,
				8723F2EAB64ACED2AE5F7AEE /* Pods-ChatGraphQl.release.xcconfig */,
			);
			path = Pods;
			sourceTree = "<group>";
		};
/* End PBXGroup section */

/* Begin PBXNativeTarget section */
		086585692844D9470070E973 /* ChatGraphQl */ = {
			isa = PBXNativeTarget;
			buildConfigurationList = 0865857E2844D9490070E973 /* Build configuration list for PBXNativeTarget "ChatGraphQl" */;
			buildPhases = (
				D1CCBF2AF80D5042B29F617D /* [CP] Check Pods Manifest.lock */,
				086585662844D9470070E973 /* Sources */,
				086585672844D9470070E973 /* Frameworks */,
				086585682844D9470070E973 /* Resources */,
				02D7F7964FED3DD5E724EE63 /* [CP] Embed Pods Frameworks */,
				0865858F2844DF3F0070E973 /* Apollo */,
			);
			buildRules = (
			);
			dependencies = (
			);
			name = ChatGraphQl;
			packageProductDependencies = (
				0865858B2844DF2F0070E973 /* Apollo */,
				0865858D2844DF2F0070E973 /* ApolloWebSocket */,
			);
			productName = ChatGraphQl;
			productReference = 0865856A2844D9470070E973 /* ChatGraphQl.app */;
			productType = "com.apple.product-type.application";
		};
/* End PBXNativeTarget section */

/* Begin PBXProject section */
		086585622844D9470070E973 /* Project object */ = {
			isa = PBXProject;
			attributes = {
				BuildIndependentTargetsInParallel = 1;
				LastSwiftUpdateCheck = 1330;
				LastUpgradeCheck = 1330;
				TargetAttributes = {
					086585692844D9470070E973 = {
						CreatedOnToolsVersion = 13.3.1;
					};
				};
			};
			buildConfigurationList = 086585652844D9470070E973 /* Build configuration list for PBXProject "ChatGraphQl" */;
			compatibilityVersion = "Xcode 13.0";
			developmentRegion = en;
			hasScannedForEncodings = 0;
			knownRegions = (
				en,
				Base,
			);
			mainGroup = 086585612844D9470070E973;
			packageReferences = (
				0865858A2844DF2F0070E973 /* XCRemoteSwiftPackageReference "apollo-ios" */,
			);
			productRefGroup = 0865856B2844D9470070E973 /* Products */;
			projectDirPath = "";
			projectRoot = "";
			targets = (
				086585692844D9470070E973 /* ChatGraphQl */,
			);
		};
/* End PBXProject section */

/* Begin PBXResourcesBuildPhase section */
		086585682844D9470070E973 /* Resources */ = {
			isa = PBXResourcesBuildPhase;
			buildActionMask = 2147483647;
			files = (
				086585852844D9DA0070E973 /* LoginVC.xib in Resources */,
				086585872844D9DA0070E973 /* RegisterVC.xib in Resources */,
				086585982844E66A0070E973 /* HomeVC.xib in Resources */,
				0865859C2844E7E60070E973 /* TVC.xib in Resources */,
				0865857A2844D9490070E973 /* LaunchScreen.storyboard in Resources */,
				086585772844D9490070E973 /* Assets.xcassets in Resources */,
			);
			runOnlyForDeploymentPostprocessing = 0;
		};
/* End PBXResourcesBuildPhase section */

/* Begin PBXShellScriptBuildPhase section */
		02D7F7964FED3DD5E724EE63 /* [CP] Embed Pods Frameworks */ = {
			isa = PBXShellScriptBuildPhase;
			buildActionMask = 2147483647;
			files = (
			);
			inputFileListPaths = (
				"${PODS_ROOT}/Target Support Files/Pods-ChatGraphQl/Pods-ChatGraphQl-frameworks-${CONFIGURATION}-input-files.xcfilelist",
			);
			name = "[CP] Embed Pods Frameworks";
			outputFileListPaths = (
				"${PODS_ROOT}/Target Support Files/Pods-ChatGraphQl/Pods-ChatGraphQl-frameworks-${CONFIGURATION}-output-files.xcfilelist",
			);
			runOnlyForDeploymentPostprocessing = 0;
			shellPath = /bin/sh;
			shellScript = "\"${PODS_ROOT}/Target Support Files/Pods-ChatGraphQl/Pods-ChatGraphQl-frameworks.sh\"\n";
			showEnvVarsInLog = 0;
		};
		0865858F2844DF3F0070E973 /* Apollo */ = {
			isa = PBXShellScriptBuildPhase;
			buildActionMask = 2147483647;
			files = (
			);
			inputFileListPaths = (
			);
			inputPaths = (
			);
			name = Apollo;
			outputFileListPaths = (
			);
			outputPaths = (
			);
			runOnlyForDeploymentPostprocessing = 0;
			shellPath = /bin/sh;
			shellScript = "# Type a script or drag a script file from your workspace to insert its path.\n# Don't run this during index builds\nif [ $ACTION = \"indexbuild\" ]; then exit 0; fi\n\n# Go to the build root and search up the chain to find the Derived Data Path where the source packages are checked out.\nDERIVED_DATA_CANDIDATE=\"${BUILD_ROOT}\"\n\nwhile ! [ -d \"${DERIVED_DATA_CANDIDATE}/SourcePackages\" ]; do\n  if [ \"${DERIVED_DATA_CANDIDATE}\" = / ]; then\n    echo >&2 \"error: Unable to locate SourcePackages directory from BUILD_ROOT: '${BUILD_ROOT}'\"\n    exit 1\n  fi\n\n  DERIVED_DATA_CANDIDATE=\"$(dirname \"${DERIVED_DATA_CANDIDATE}\")\"\ndone\n\n# Grab a reference to the directory where scripts are checked out\nSCRIPT_PATH=\"${DERIVED_DATA_CANDIDATE}/SourcePackages/checkouts/apollo-ios/scripts\"\n\nif [ -z \"${SCRIPT_PATH}\" ]; then\n    echo >&2 \"error: Couldn't find the CLI script in your checked out SPM packages; make sure to add the framework to your project.\"\n    exit 1\nfi\n\ncd \"${SRCROOT}/${TARGET_NAME}\"\n\"${SCRIPT_PATH}\"/run-bundled-codegen.sh codegen:generate --target=swift --includes=./**/*.graphql --localSchemaFile=\"schema.graphqls\" API.swift\n";
		};
		D1CCBF2AF80D5042B29F617D /* [CP] Check Pods Manifest.lock */ = {
			isa = PBXShellScriptBuildPhase;
			buildActionMask = 2147483647;
			files = (
			);
			inputFileListPaths = (
			);
			inputPaths = (
				"${PODS_PODFILE_DIR_PATH}/Podfile.lock",
				"${PODS_ROOT}/Manifest.lock",
			);
			name = "[CP] Check Pods Manifest.lock";
			outputFileListPaths = (
			);
			outputPaths = (
				"$(DERIVED_FILE_DIR)/Pods-ChatGraphQl-checkManifestLockResult.txt",
			);
			runOnlyForDeploymentPostprocessing = 0;
			shellPath = /bin/sh;
			shellScript = "diff \"${PODS_PODFILE_DIR_PATH}/Podfile.lock\" \"${PODS_ROOT}/Manifest.lock\" > /dev/null\nif [ $? != 0 ] ; then\n    # print error to STDERR\n    echo \"error: The sandbox is not in sync with the Podfile.lock. Run 'pod install' or update your CocoaPods installation.\" >&2\n    exit 1\nfi\n# This output is used by Xcode 'outputs' to avoid re-running this script phase.\necho \"SUCCESS\" > \"${SCRIPT_OUTPUT_FILE_0}\"\n";
			showEnvVarsInLog = 0;
		};
/* End PBXShellScriptBuildPhase section */

/* Begin PBXSourcesBuildPhase section */
		086585662844D9470070E973 /* Sources */ = {
			isa = PBXSourcesBuildPhase;
			buildActionMask = 2147483647;
			files = (
				0865856E2844D9470070E973 /* AppDelegate.swift in Sources */,
				086585862844D9DA0070E973 /* RegisterVC.swift in Sources */,
				0865859E2844ECE90070E973 /* Cache.swift in Sources */,
				086585922844E0310070E973 /* Network.swift in Sources */,
				086585972844E66A0070E973 /* HomeVC.swift in Sources */,
				086585882844D9DA0070E973 /* LoginVC.swift in Sources */,
				0865859B2844E7E60070E973 /* TVC.swift in Sources */,
				086585942844E0970070E973 /* API.swift in Sources */,
			);
			runOnlyForDeploymentPostprocessing = 0;
		};
/* End PBXSourcesBuildPhase section */

/* Begin PBXVariantGroup section */
		086585782844D9490070E973 /* LaunchScreen.storyboard */ = {
			isa = PBXVariantGroup;
			children = (
				086585792844D9490070E973 /* Base */,
			);
			name = LaunchScreen.storyboard;
			sourceTree = "<group>";
		};
/* End PBXVariantGroup section */

/* Begin XCBuildConfiguration section */
		0865857C2844D9490070E973 /* Debug */ = {
			isa = XCBuildConfiguration;
			buildSettings = {
				ALWAYS_SEARCH_USER_PATHS = NO;
				CLANG_ANALYZER_NONNULL = YES;
				CLANG_ANALYZER_NUMBER_OBJECT_CONVERSION = YES_AGGRESSIVE;
				CLANG_CXX_LANGUAGE_STANDARD = "gnu++17";
				CLANG_ENABLE_MODULES = YES;
				CLANG_ENABLE_OBJC_ARC = YES;
				CLANG_ENABLE_OBJC_WEAK = YES;
				CLANG_WARN_BLOCK_CAPTURE_AUTORELEASING = YES;
				CLANG_WARN_BOOL_CONVERSION = YES;
				CLANG_WARN_COMMA = YES;
				CLANG_WARN_CONSTANT_CONVERSION = YES;
				CLANG_WARN_DEPRECATED_OBJC_IMPLEMENTATIONS = YES;
				CLANG_WARN_DIRECT_OBJC_ISA_USAGE = YES_ERROR;
				CLANG_WARN_DOCUMENTATION_COMMENTS = YES;
				CLANG_WARN_EMPTY_BODY = YES;
				CLANG_WARN_ENUM_CONVERSION = YES;
				CLANG_WARN_INFINITE_RECURSION = YES;
				CLANG_WARN_INT_CONVERSION = YES;
				CLANG_WARN_NON_LITERAL_NULL_CONVERSION = YES;
				CLANG_WARN_OBJC_IMPLICIT_RETAIN_SELF = YES;
				CLANG_WARN_OBJC_LITERAL_CONVERSION = YES;
				CLANG_WARN_OBJC_ROOT_CLASS = YES_ERROR;
				CLANG_WARN_QUOTED_INCLUDE_IN_FRAMEWORK_HEADER = YES;
				CLANG_WARN_RANGE_LOOP_ANALYSIS = YES;
				CLANG_WARN_STRICT_PROTOTYPES = YES;
				CLANG_WARN_SUSPICIOUS_MOVE = YES;
				CLANG_WARN_UNGUARDED_AVAILABILITY = YES_AGGRESSIVE;
				CLANG_WARN_UNREACHABLE_CODE = YES;
				CLANG_WARN__DUPLICATE_METHOD_MATCH = YES;
				COPY_PHASE_STRIP = NO;
				DEBUG_INFORMATION_FORMAT = dwarf;
				ENABLE_STRICT_OBJC_MSGSEND = YES;
				ENABLE_TESTABILITY = YES;
				GCC_C_LANGUAGE_STANDARD = gnu11;
				GCC_DYNAMIC_NO_PIC = NO;
				GCC_NO_COMMON_BLOCKS = YES;
				GCC_OPTIMIZATION_LEVEL = 0;
				GCC_PREPROCESSOR_DEFINITIONS = (
					"DEBUG=1",
					"$(inherited)",
				);
				GCC_WARN_64_TO_32_BIT_CONVERSION = YES;
				GCC_WARN_ABOUT_RETURN_TYPE = YES_ERROR;
				GCC_WARN_UNDECLARED_SELECTOR = YES;
				GCC_WARN_UNINITIALIZED_AUTOS = YES_AGGRESSIVE;
				GCC_WARN_UNUSED_FUNCTION = YES;
				GCC_WARN_UNUSED_VARIABLE = YES;
				IPHONEOS_DEPLOYMENT_TARGET = 15.4;
				MTL_ENABLE_DEBUG_INFO = INCLUDE_SOURCE;
				MTL_FAST_MATH = YES;
				ONLY_ACTIVE_ARCH = YES;
				SDKROOT = iphoneos;
				SWIFT_ACTIVE_COMPILATION_CONDITIONS = DEBUG;
				SWIFT_OPTIMIZATION_LEVEL = "-Onone";
			};
			name = Debug;
		};
		0865857D2844D9490070E973 /* Release */ = {
			isa = XCBuildConfiguration;
			buildSettings = {
				ALWAYS_SEARCH_USER_PATHS = NO;
				CLANG_ANALYZER_NONNULL = YES;
				CLANG_ANALYZER_NUMBER_OBJECT_CONVERSION = YES_AGGRESSIVE;
				CLANG_CXX_LANGUAGE_STANDARD = "gnu++17";
				CLANG_ENABLE_MODULES = YES;
				CLANG_ENABLE_OBJC_ARC = YES;
				CLANG_ENABLE_OBJC_WEAK = YES;
				CLANG_WARN_BLOCK_CAPTURE_AUTORELEASING = YES;
				CLANG_WARN_BOOL_CONVERSION = YES;
				CLANG_WARN_COMMA = YES;
				CLANG_WARN_CONSTANT_CONVERSION = YES;
				CLANG_WARN_DEPRECATED_OBJC_IMPLEMENTATIONS = YES;
				CLANG_WARN_DIRECT_OBJC_ISA_USAGE = YES_ERROR;
				CLANG_WARN_DOCUMENTATION_COMMENTS = YES;
				CLANG_WARN_EMPTY_BODY = YES;
				CLANG_WARN_ENUM_CONVERSION = YES;
				CLANG_WARN_INFINITE_RECURSION = YES;
				CLANG_WARN_INT_CONVERSION = YES;
				CLANG_WARN_NON_LITERAL_NULL_CONVERSION = YES;
				CLANG_WARN_OBJC_IMPLICIT_RETAIN_SELF = YES;
				CLANG_WARN_OBJC_LITERAL_CONVERSION = YES;
				CLANG_WARN_OBJC_ROOT_CLASS = YES_ERROR;
				CLANG_WARN_QUOTED_INCLUDE_IN_FRAMEWORK_HEADER = YES;
				CLANG_WARN_RANGE_LOOP_ANALYSIS = YES;
				CLANG_WARN_STRICT_PROTOTYPES = YES;
				CLANG_WARN_SUSPICIOUS_MOVE = YES;
				CLANG_WARN_UNGUARDED_AVAILABILITY = YES_AGGRESSIVE;
				CLANG_WARN_UNREACHABLE_CODE = YES;
				CLANG_WARN__DUPLICATE_METHOD_MATCH = YES;
				COPY_PHASE_STRIP = NO;
				DEBUG_INFORMATION_FORMAT = "dwarf-with-dsym";
				ENABLE_NS_ASSERTIONS = NO;
				ENABLE_STRICT_OBJC_MSGSEND = YES;
				GCC_C_LANGUAGE_STANDARD = gnu11;
				GCC_NO_COMMON_BLOCKS = YES;
				GCC_WARN_64_TO_32_BIT_CONVERSION = YES;
				GCC_WARN_ABOUT_RETURN_TYPE = YES_ERROR;
				GCC_WARN_UNDECLARED_SELECTOR = YES;
				GCC_WARN_UNINITIALIZED_AUTOS = YES_AGGRESSIVE;
				GCC_WARN_UNUSED_FUNCTION = YES;
				GCC_WARN_UNUSED_VARIABLE = YES;
				IPHONEOS_DEPLOYMENT_TARGET = 15.4;
				MTL_ENABLE_DEBUG_INFO = NO;
				MTL_FAST_MATH = YES;
				SDKROOT = iphoneos;
				SWIFT_COMPILATION_MODE = wholemodule;
				SWIFT_OPTIMIZATION_LEVEL = "-O";
				VALIDATE_PRODUCT = YES;
			};
			name = Release;
		};
		0865857F2844D9490070E973 /* Debug */ = {
			isa = XCBuildConfiguration;
			baseConfigurationReference = 8E6A1E0F15D3BC8E0A83BF23 /* Pods-ChatGraphQl.debug.xcconfig */;
			buildSettings = {
				ASSETCATALOG_COMPILER_APPICON_NAME = AppIcon;
				ASSETCATALOG_COMPILER_GLOBAL_ACCENT_COLOR_NAME = AccentColor;
				CODE_SIGN_STYLE = Automatic;
				CURRENT_PROJECT_VERSION = 1;
				DEVELOPMENT_TEAM = 9W6JC38Q8B;
				GENERATE_INFOPLIST_FILE = YES;
				INFOPLIST_FILE = ChatGraphQl/Info.plist;
				INFOPLIST_KEY_UIApplicationSupportsIndirectInputEvents = YES;
				INFOPLIST_KEY_UILaunchStoryboardName = LaunchScreen;
				INFOPLIST_KEY_UISupportedInterfaceOrientations_iPad = "UIInterfaceOrientationPortrait UIInterfaceOrientationPortraitUpsideDown UIInterfaceOrientationLandscapeLeft UIInterfaceOrientationLandscapeRight";
				INFOPLIST_KEY_UISupportedInterfaceOrientations_iPhone = "UIInterfaceOrientationPortrait UIInterfaceOrientationLandscapeLeft UIInterfaceOrientationLandscapeRight";
				LD_RUNPATH_SEARCH_PATHS = (
					"$(inherited)",
					"@executable_path/Frameworks",
				);
				MARKETING_VERSION = 1.0;
				PRODUCT_BUNDLE_IDENTIFIER = com.ChatGraphQl;
				PRODUCT_NAME = "$(TARGET_NAME)";
				SWIFT_EMIT_LOC_STRINGS = YES;
				SWIFT_VERSION = 5.0;
				TARGETED_DEVICE_FAMILY = "1,2";
			};
			name = Debug;
		};
		086585802844D9490070E973 /* Release */ = {
			isa = XCBuildConfiguration;
			baseConfigurationReference = 8723F2EAB64ACED2AE5F7AEE /* Pods-ChatGraphQl.release.xcconfig */;
			buildSettings = {
				ASSETCATALOG_COMPILER_APPICON_NAME = AppIcon;
				ASSETCATALOG_COMPILER_GLOBAL_ACCENT_COLOR_NAME = AccentColor;
				CODE_SIGN_STYLE = Automatic;
				CURRENT_PROJECT_VERSION = 1;
				DEVELOPMENT_TEAM = 9W6JC38Q8B;
				GENERATE_INFOPLIST_FILE = YES;
				INFOPLIST_FILE = ChatGraphQl/Info.plist;
				INFOPLIST_KEY_UIApplicationSupportsIndirectInputEvents = YES;
				INFOPLIST_KEY_UILaunchStoryboardName = LaunchScreen;
				INFOPLIST_KEY_UISupportedInterfaceOrientations_iPad = "UIInterfaceOrientationPortrait UIInterfaceOrientationPortraitUpsideDown UIInterfaceOrientationLandscapeLeft UIInterfaceOrientationLandscapeRight";
				INFOPLIST_KEY_UISupportedInterfaceOrientations_iPhone = "UIInterfaceOrientationPortrait UIInterfaceOrientationLandscapeLeft UIInterfaceOrientationLandscapeRight";
				LD_RUNPATH_SEARCH_PATHS = (
					"$(inherited)",
					"@executable_path/Frameworks",
				);
				MARKETING_VERSION = 1.0;
				PRODUCT_BUNDLE_IDENTIFIER = com.ChatGraphQl;
				PRODUCT_NAME = "$(TARGET_NAME)";
				SWIFT_EMIT_LOC_STRINGS = YES;
				SWIFT_VERSION = 5.0;
				TARGETED_DEVICE_FAMILY = "1,2";
			};
			name = Release;
		};
/* End XCBuildConfiguration section */

/* Begin XCConfigurationList section */
		086585652844D9470070E973 /* Build configuration list for PBXProject "ChatGraphQl" */ = {
			isa = XCConfigurationList;
			buildConfigurations = (
				0865857C2844D9490070E973 /* Debug */,
				0865857D2844D9490070E973 /* Release */,
			);
			defaultConfigurationIsVisible = 0;
			defaultConfigurationName = Release;
		};
		0865857E2844D9490070E973 /* Build configuration list for PBXNativeTarget "ChatGraphQl" */ = {
			isa = XCConfigurationList;
			buildConfigurations = (
				0865857F2844D9490070E973 /* Debug */,
				086585802844D9490070E973 /* Release */,
			);
			defaultConfigurationIsVisible = 0;
			defaultConfigurationName = Release;
		};
/* End XCConfigurationList section */

/* Begin XCRemoteSwiftPackageReference section */
		0865858A2844DF2F0070E973 /* XCRemoteSwiftPackageReference "apollo-ios" */ = {
			isa = XCRemoteSwiftPackageReference;
			repositoryURL = "https://github.com/apollographql/apollo-ios";
			requirement = {
				kind = upToNextMinorVersion;
				minimumVersion = 0.51.2;
			};
		};
/* End XCRemoteSwiftPackageReference section */

/* Begin XCSwiftPackageProductDependency section */
		0865858B2844DF2F0070E973 /* Apollo */ = {
			isa = XCSwiftPackageProductDependency;
			package = 0865858A2844DF2F0070E973 /* XCRemoteSwiftPackageReference "apollo-ios" */;
			productName = Apollo;
		};
		0865858D2844DF2F0070E973 /* ApolloWebSocket */ = {
			isa = XCSwiftPackageProductDependency;
			package = 0865858A2844DF2F0070E973 /* XCRemoteSwiftPackageReference "apollo-ios" */;
			productName = ApolloWebSocket;
		};
/* End XCSwiftPackageProductDependency section */
	};
	rootObject = 086585622844D9470070E973 /* Project object */;
}
